// !$*UTF8*$!
{
	archiveVersion = 1;
	classes = {
	};
	objectVersion = 48;
	objects = {

/* Begin PBXBuildFile section */
		AAFA65786DD4142EB823BB0A /* Pods_Smack.framework in Frameworks */ = {isa = PBXBuildFile; fileRef = C4B2ABCE3F065848E115ED85 /* Pods_Smack.framework */; };
		BFDC6B561F3069BD0027507B /* AppDelegate.swift in Sources */ = {isa = PBXBuildFile; fileRef = BFDC6B551F3069BD0027507B /* AppDelegate.swift */; };
		BFDC6B5B1F3069BD0027507B /* Main.storyboard in Resources */ = {isa = PBXBuildFile; fileRef = BFDC6B591F3069BD0027507B /* Main.storyboard */; };
		BFDC6B5D1F3069BD0027507B /* Assets.xcassets in Resources */ = {isa = PBXBuildFile; fileRef = BFDC6B5C1F3069BD0027507B /* Assets.xcassets */; };
		BFDC6B601F3069BD0027507B /* LaunchScreen.storyboard in Resources */ = {isa = PBXBuildFile; fileRef = BFDC6B5E1F3069BD0027507B /* LaunchScreen.storyboard */; };
		BFDC6B6B1F306EBE0027507B /* SWRevealViewController.m in Sources */ = {isa = PBXBuildFile; fileRef = BFDC6B6A1F306EBE0027507B /* SWRevealViewController.m */; };
		BFDC6B701F3071600027507B /* ChatVC.swift in Sources */ = {isa = PBXBuildFile; fileRef = BFDC6B6F1F3071600027507B /* ChatVC.swift */; };
		BFDC6B721F3071700027507B /* ChannelVC.swift in Sources */ = {isa = PBXBuildFile; fileRef = BFDC6B711F3071700027507B /* ChannelVC.swift */; };
		BFDC6B741F3075550027507B /* GradientView.swift in Sources */ = {isa = PBXBuildFile; fileRef = BFDC6B731F3075550027507B /* GradientView.swift */; };
		BFDC6B771F307DCB0027507B /* Constants.swift in Sources */ = {isa = PBXBuildFile; fileRef = BFDC6B761F307DCB0027507B /* Constants.swift */; };
		BFDC6B791F30815C0027507B /* LoginVC.swift in Sources */ = {isa = PBXBuildFile; fileRef = BFDC6B781F30815C0027507B /* LoginVC.swift */; };
/* End PBXBuildFile section */

/* Begin PBXFileReference section */
		52BAA624F20E1ECE8B0DCE6A /* Pods-Smack.debug.xcconfig */ = {isa = PBXFileReference; includeInIndex = 1; lastKnownFileType = text.xcconfig; name = "Pods-Smack.debug.xcconfig"; path = "Pods/Target Support Files/Pods-Smack/Pods-Smack.debug.xcconfig"; sourceTree = "<group>"; };
		BFDC6B521F3069BD0027507B /* Smack.app */ = {isa = PBXFileReference; explicitFileType = wrapper.application; includeInIndex = 0; path = Smack.app; sourceTree = BUILT_PRODUCTS_DIR; };
		BFDC6B551F3069BD0027507B /* AppDelegate.swift */ = {isa = PBXFileReference; lastKnownFileType = sourcecode.swift; path = AppDelegate.swift; sourceTree = "<group>"; };
		BFDC6B5A1F3069BD0027507B /* Base */ = {isa = PBXFileReference; lastKnownFileType = file.storyboard; name = Base; path = Base.lproj/Main.storyboard; sourceTree = "<group>"; };
		BFDC6B5C1F3069BD0027507B /* Assets.xcassets */ = {isa = PBXFileReference; lastKnownFileType = folder.assetcatalog; path = Assets.xcassets; sourceTree = "<group>"; };
		BFDC6B5F1F3069BD0027507B /* Base */ = {isa = PBXFileReference; lastKnownFileType = file.storyboard; name = Base; path = Base.lproj/LaunchScreen.storyboard; sourceTree = "<group>"; };
		BFDC6B611F3069BD0027507B /* Info.plist */ = {isa = PBXFileReference; lastKnownFileType = text.plist.xml; path = Info.plist; sourceTree = "<group>"; };
		BFDC6B681F306EBD0027507B /* Smack-Bridging-Header.h */ = {isa = PBXFileReference; lastKnownFileType = sourcecode.c.h; path = "Smack-Bridging-Header.h"; sourceTree = "<group>"; };
		BFDC6B691F306EBE0027507B /* SWRevealViewController.h */ = {isa = PBXFileReference; fileEncoding = 4; lastKnownFileType = sourcecode.c.h; name = SWRevealViewController.h; path = "../../../../../../../Downloads/Smack Assets/SWReveal/SWRevealViewController.h"; sourceTree = "<group>"; };
		BFDC6B6A1F306EBE0027507B /* SWRevealViewController.m */ = {isa = PBXFileReference; fileEncoding = 4; lastKnownFileType = sourcecode.c.objc; name = SWRevealViewController.m; path = "../../../../../../../Downloads/Smack Assets/SWReveal/SWRevealViewController.m"; sourceTree = "<group>"; };
		BFDC6B6F1F3071600027507B /* ChatVC.swift */ = {isa = PBXFileReference; lastKnownFileType = sourcecode.swift; path = ChatVC.swift; sourceTree = "<group>"; };
		BFDC6B711F3071700027507B /* ChannelVC.swift */ = {isa = PBXFileReference; lastKnownFileType = sourcecode.swift; path = ChannelVC.swift; sourceTree = "<group>"; };
		BFDC6B731F3075550027507B /* GradientView.swift */ = {isa = PBXFileReference; lastKnownFileType = sourcecode.swift; path = GradientView.swift; sourceTree = "<group>"; };
		BFDC6B761F307DCB0027507B /* Constants.swift */ = {isa = PBXFileReference; lastKnownFileType = sourcecode.swift; path = Constants.swift; sourceTree = "<group>"; };
		BFDC6B781F30815C0027507B /* LoginVC.swift */ = {isa = PBXFileReference; lastKnownFileType = sourcecode.swift; path = LoginVC.swift; sourceTree = "<group>"; };
		C4B2ABCE3F065848E115ED85 /* Pods_Smack.framework */ = {isa = PBXFileReference; explicitFileType = wrapper.framework; includeInIndex = 0; path = Pods_Smack.framework; sourceTree = BUILT_PRODUCTS_DIR; };
		E54A041C75B52F867267C4F7 /* Pods-Smack.release.xcconfig */ = {isa = PBXFileReference; includeInIndex = 1; lastKnownFileType = text.xcconfig; name = "Pods-Smack.release.xcconfig"; path = "Pods/Target Support Files/Pods-Smack/Pods-Smack.release.xcconfig"; sourceTree = "<group>"; };
/* End PBXFileReference section */

/* Begin PBXFrameworksBuildPhase section */
		BFDC6B4F1F3069BD0027507B /* Frameworks */ = {
			isa = PBXFrameworksBuildPhase;
			buildActionMask = 2147483647;
			files = (
				AAFA65786DD4142EB823BB0A /* Pods_Smack.framework in Frameworks */,
			);
			runOnlyForDeploymentPostprocessing = 0;
		};
/* End PBXFrameworksBuildPhase section */

/* Begin PBXGroup section */
		11009B3276EF894A3F922959 /* Frameworks */ = {
			isa = PBXGroup;
			children = (
				C4B2ABCE3F065848E115ED85 /* Pods_Smack.framework */,
			);
			name = Frameworks;
			sourceTree = "<group>";
		};
		BFDC6B491F3069BD0027507B = {
			isa = PBXGroup;
			children = (
				BFDC6B541F3069BD0027507B /* Smack */,
				BFDC6B531F3069BD0027507B /* Products */,
				FD9A3487865062380299C866 /* Pods */,
				11009B3276EF894A3F922959 /* Frameworks */,
			);
			sourceTree = "<group>";
		};
		BFDC6B531F3069BD0027507B /* Products */ = {
			isa = PBXGroup;
			children = (
				BFDC6B521F3069BD0027507B /* Smack.app */,
			);
			name = Products;
			sourceTree = "<group>";
		};
		BFDC6B541F3069BD0027507B /* Smack */ = {
			isa = PBXGroup;
			children = (
				BFDC6B751F307DB60027507B /* Utilities */,
				BFDC6B6E1F30712F0027507B /* Model */,
				BFDC6B6D1F30712B0027507B /* View */,
				BFDC6B6C1F3071220027507B /* Controller */,
				BFDC6B671F306EA30027507B /* Resources */,
				BFDC6B551F3069BD0027507B /* AppDelegate.swift */,
				BFDC6B591F3069BD0027507B /* Main.storyboard */,
				BFDC6B5C1F3069BD0027507B /* Assets.xcassets */,
				BFDC6B5E1F3069BD0027507B /* LaunchScreen.storyboard */,
				BFDC6B611F3069BD0027507B /* Info.plist */,
			);
			path = Smack;
			sourceTree = "<group>";
		};
		BFDC6B671F306EA30027507B /* Resources */ = {
			isa = PBXGroup;
			children = (
				BFDC6B691F306EBE0027507B /* SWRevealViewController.h */,
				BFDC6B6A1F306EBE0027507B /* SWRevealViewController.m */,
				BFDC6B681F306EBD0027507B /* Smack-Bridging-Header.h */,
			);
			path = Resources;
			sourceTree = "<group>";
		};
		BFDC6B6C1F3071220027507B /* Controller */ = {
			isa = PBXGroup;
			children = (
				BFDC6B6F1F3071600027507B /* ChatVC.swift */,
				BFDC6B711F3071700027507B /* ChannelVC.swift */,
				BFDC6B781F30815C0027507B /* LoginVC.swift */,
			);
			path = Controller;
			sourceTree = "<group>";
		};
		BFDC6B6D1F30712B0027507B /* View */ = {
			isa = PBXGroup;
			children = (
				BFDC6B731F3075550027507B /* GradientView.swift */,
			);
			path = View;
			sourceTree = "<group>";
		};
		BFDC6B6E1F30712F0027507B /* Model */ = {
			isa = PBXGroup;
			children = (
			);
			path = Model;
			sourceTree = "<group>";
		};
		BFDC6B751F307DB60027507B /* Utilities */ = {
			isa = PBXGroup;
			children = (
				BFDC6B761F307DCB0027507B /* Constants.swift */,
			);
			path = Utilities;
			sourceTree = "<group>";
		};
		FD9A3487865062380299C866 /* Pods */ = {
			isa = PBXGroup;
			children = (
				52BAA624F20E1ECE8B0DCE6A /* Pods-Smack.debug.xcconfig */,
				E54A041C75B52F867267C4F7 /* Pods-Smack.release.xcconfig */,
			);
			name = Pods;
			sourceTree = "<group>";
		};
/* End PBXGroup section */

/* Begin PBXNativeTarget section */
		BFDC6B511F3069BD0027507B /* Smack */ = {
			isa = PBXNativeTarget;
			buildConfigurationList = BFDC6B641F3069BD0027507B /* Build configuration list for PBXNativeTarget "Smack" */;
			buildPhases = (
				C2C6F2AF836A42FE67A296EE /* [CP] Check Pods Manifest.lock */,
				BFDC6B4E1F3069BD0027507B /* Sources */,
				BFDC6B4F1F3069BD0027507B /* Frameworks */,
				BFDC6B501F3069BD0027507B /* Resources */,
				A1FD355F392FCA17AA597670 /* [CP] Embed Pods Frameworks */,
				8E4B65E6BCA52E77D769B72E /* [CP] Copy Pods Resources */,
			);
			buildRules = (
			);
			dependencies = (
			);
			name = Smack;
			productName = Smack;
			productReference = BFDC6B521F3069BD0027507B /* Smack.app */;
			productType = "com.apple.product-type.application";
		};
/* End PBXNativeTarget section */

/* Begin PBXProject section */
		BFDC6B4A1F3069BD0027507B /* Project object */ = {
			isa = PBXProject;
			attributes = {
				LastSwiftUpdateCheck = 0900;
				LastUpgradeCheck = 0900;
				ORGANIZATIONNAME = "Jason Leocata";
				TargetAttributes = {
					BFDC6B511F3069BD0027507B = {
						CreatedOnToolsVersion = 9.0;
						LastSwiftMigration = 0900;
					};
				};
			};
			buildConfigurationList = BFDC6B4D1F3069BD0027507B /* Build configuration list for PBXProject "Smack" */;
			compatibilityVersion = "Xcode 8.0";
			developmentRegion = en;
			hasScannedForEncodings = 0;
			knownRegions = (
				en,
				Base,
			);
			mainGroup = BFDC6B491F3069BD0027507B;
			productRefGroup = BFDC6B531F3069BD0027507B /* Products */;
			projectDirPath = "";
			projectRoot = "";
			targets = (
				BFDC6B511F3069BD0027507B /* Smack */,
			);
		};
/* End PBXProject section */

/* Begin PBXResourcesBuildPhase section */
		BFDC6B501F3069BD0027507B /* Resources */ = {
			isa = PBXResourcesBuildPhase;
			buildActionMask = 2147483647;
			files = (
				BFDC6B601F3069BD0027507B /* LaunchScreen.storyboard in Resources */,
				BFDC6B5D1F3069BD0027507B /* Assets.xcassets in Resources */,
				BFDC6B5B1F3069BD0027507B /* Main.storyboard in Resources */,
			);
			runOnlyForDeploymentPostprocessing = 0;
		};
/* End PBXResourcesBuildPhase section */

/* Begin PBXShellScriptBuildPhase section */
		8E4B65E6BCA52E77D769B72E /* [CP] Copy Pods Resources */ = {
			isa = PBXShellScriptBuildPhase;
			buildActionMask = 2147483647;
			files = (
			);
			inputPaths = (
			);
			name = "[CP] Copy Pods Resources";
			outputPaths = (
			);
			runOnlyForDeploymentPostprocessing = 0;
			shellPath = /bin/sh;
			shellScript = "\"${SRCROOT}/Pods/Target Support Files/Pods-Smack/Pods-Smack-resources.sh\"\n";
			showEnvVarsInLog = 0;
		};
		A1FD355F392FCA17AA597670 /* [CP] Embed Pods Frameworks */ = {
			isa = PBXShellScriptBuildPhase;
			buildActionMask = 2147483647;
			files = (
			);
			inputPaths = (
			);
			name = "[CP] Embed Pods Frameworks";
			outputPaths = (
			);
			runOnlyForDeploymentPostprocessing = 0;
			shellPath = /bin/sh;
			shellScript = "\"${SRCROOT}/Pods/Target Support Files/Pods-Smack/Pods-Smack-frameworks.sh\"\n";
			showEnvVarsInLog = 0;
		};
		C2C6F2AF836A42FE67A296EE /* [CP] Check Pods Manifest.lock */ = {
			isa = PBXShellScriptBuildPhase;
			buildActionMask = 2147483647;
			files = (
			);
			inputPaths = (
			);
			name = "[CP] Check Pods Manifest.lock";
			outputPaths = (
			);
			runOnlyForDeploymentPostprocessing = 0;
			shellPath = /bin/sh;
			shellScript = "diff \"${PODS_ROOT}/../Podfile.lock\" \"${PODS_ROOT}/Manifest.lock\" > /dev/null\nif [ $? != 0 ] ; then\n    # print error to STDERR\n    echo \"error: The sandbox is not in sync with the Podfile.lock. Run 'pod install' or update your CocoaPods installation.\" >&2\n    exit 1\nfi\n";
			showEnvVarsInLog = 0;
		};
/* End PBXShellScriptBuildPhase section */

/* Begin PBXSourcesBuildPhase section */
		BFDC6B4E1F3069BD0027507B /* Sources */ = {
			isa = PBXSourcesBuildPhase;
			buildActionMask = 2147483647;
			files = (
				BFDC6B721F3071700027507B /* ChannelVC.swift in Sources */,
				BFDC6B701F3071600027507B /* ChatVC.swift in Sources */,
				BFDC6B791F30815C0027507B /* LoginVC.swift in Sources */,
				BFDC6B741F3075550027507B /* GradientView.swift in Sources */,
				BFDC6B561F3069BD0027507B /* AppDelegate.swift in Sources */,
				BFDC6B6B1F306EBE0027507B /* SWRevealViewController.m in Sources */,
				BFDC6B771F307DCB0027507B /* Constants.swift in Sources */,
			);
			runOnlyForDeploymentPostprocessing = 0;
		};
/* End PBXSourcesBuildPhase section */

/* Begin PBXVariantGroup section */
		BFDC6B591F3069BD0027507B /* Main.storyboard */ = {
			isa = PBXVariantGroup;
			children = (
				BFDC6B5A1F3069BD0027507B /* Base */,
			);
			name = Main.storyboard;
			sourceTree = "<group>";
		};
		BFDC6B5E1F3069BD0027507B /* LaunchScreen.storyboard */ = {
			isa = PBXVariantGroup;
			children = (
				BFDC6B5F1F3069BD0027507B /* Base */,
			);
			name = LaunchScreen.storyboard;
			sourceTree = "<group>";
		};
/* End PBXVariantGroup section */

/* Begin XCBuildConfiguration section */
		BFDC6B621F3069BD0027507B /* Debug */ = {
			isa = XCBuildConfiguration;
			buildSettings = {
				ALWAYS_SEARCH_USER_PATHS = NO;
				CLANG_ANALYZER_NONNULL = YES;
				CLANG_ANALYZER_NUMBER_OBJECT_CONVERSION = YES_AGGRESSIVE;
				CLANG_CXX_LANGUAGE_STANDARD = "gnu++14";
				CLANG_CXX_LIBRARY = "libc++";
				CLANG_ENABLE_MODULES = YES;
				CLANG_ENABLE_OBJC_ARC = YES;
				CLANG_WARN_BLOCK_CAPTURE_AUTORELEASING = YES;
				CLANG_WARN_BOOL_CONVERSION = YES;
				CLANG_WARN_COMMA = YES;
				CLANG_WARN_CONSTANT_CONVERSION = YES;
				CLANG_WARN_DIRECT_OBJC_ISA_USAGE = YES_ERROR;
				CLANG_WARN_DOCUMENTATION_COMMENTS = YES;
				CLANG_WARN_EMPTY_BODY = YES;
				CLANG_WARN_ENUM_CONVERSION = YES;
				CLANG_WARN_INFINITE_RECURSION = YES;
				CLANG_WARN_INT_CONVERSION = YES;
				CLANG_WARN_NON_LITERAL_NULL_CONVERSION = YES;
				CLANG_WARN_OBJC_LITERAL_CONVERSION = YES;
				CLANG_WARN_OBJC_ROOT_CLASS = YES_ERROR;
				CLANG_WARN_RANGE_LOOP_ANALYSIS = YES;
				CLANG_WARN_STRICT_PROTOTYPES = YES;
				CLANG_WARN_SUSPICIOUS_MOVE = YES;
				CLANG_WARN_UNGUARDED_AVAILABILITY = YES_AGGRESSIVE;
				CLANG_WARN_UNREACHABLE_CODE = YES;
				CLANG_WARN__DUPLICATE_METHOD_MATCH = YES;
				CODE_SIGN_IDENTITY = "iPhone Developer";
				COPY_PHASE_STRIP = NO;
				DEBUG_INFORMATION_FORMAT = dwarf;
				ENABLE_STRICT_OBJC_MSGSEND = YES;
				ENABLE_TESTABILITY = YES;
				GCC_C_LANGUAGE_STANDARD = gnu11;
				GCC_DYNAMIC_NO_PIC = NO;
				GCC_NO_COMMON_BLOCKS = YES;
				GCC_OPTIMIZATION_LEVEL = 0;
				GCC_PREPROCESSOR_DEFINITIONS = (
					"DEBUG=1",
					"$(inherited)",
				);
				GCC_WARN_64_TO_32_BIT_CONVERSION = YES;
				GCC_WARN_ABOUT_RETURN_TYPE = YES_ERROR;
				GCC_WARN_UNDECLARED_SELECTOR = YES;
				GCC_WARN_UNINITIALIZED_AUTOS = YES_AGGRESSIVE;
				GCC_WARN_UNUSED_FUNCTION = YES;
				GCC_WARN_UNUSED_VARIABLE = YES;
				IPHONEOS_DEPLOYMENT_TARGET = 11.0;
				MTL_ENABLE_DEBUG_INFO = YES;
				ONLY_ACTIVE_ARCH = YES;
				SDKROOT = iphoneos;
				SWIFT_ACTIVE_COMPILATION_CONDITIONS = DEBUG;
				SWIFT_OPTIMIZATION_LEVEL = "-Onone";
			};
			name = Debug;
		};
		BFDC6B631F3069BD0027507B /* Release */ = {
			isa = XCBuildConfiguration;
			buildSettings = {
				ALWAYS_SEARCH_USER_PATHS = NO;
				CLANG_ANALYZER_NONNULL = YES;
				CLANG_ANALYZER_NUMBER_OBJECT_CONVERSION = YES_AGGRESSIVE;
				CLANG_CXX_LANGUAGE_STANDARD = "gnu++14";
				CLANG_CXX_LIBRARY = "libc++";
				CLANG_ENABLE_MODULES = YES;
				CLANG_ENABLE_OBJC_ARC = YES;
				CLANG_WARN_BLOCK_CAPTURE_AUTORELEASING = YES;
				CLANG_WARN_BOOL_CONVERSION = YES;
				CLANG_WARN_COMMA = YES;
				CLANG_WARN_CONSTANT_CONVERSION = YES;
				CLANG_WARN_DIRECT_OBJC_ISA_USAGE = YES_ERROR;
				CLANG_WARN_DOCUMENTATION_COMMENTS = YES;
				CLANG_WARN_EMPTY_BODY = YES;
				CLANG_WARN_ENUM_CONVERSION = YES;
				CLANG_WARN_INFINITE_RECURSION = YES;
				CLANG_WARN_INT_CONVERSION = YES;
				CLANG_WARN_NON_LITERAL_NULL_CONVERSION = YES;
				CLANG_WARN_OBJC_LITERAL_CONVERSION = YES;
				CLANG_WARN_OBJC_ROOT_CLASS = YES_ERROR;
				CLANG_WARN_RANGE_LOOP_ANALYSIS = YES;
				CLANG_WARN_STRICT_PROTOTYPES = YES;
				CLANG_WARN_SUSPICIOUS_MOVE = YES;
				CLANG_WARN_UNGUARDED_AVAILABILITY = YES_AGGRESSIVE;
				CLANG_WARN_UNREACHABLE_CODE = YES;
				CLANG_WARN__DUPLICATE_METHOD_MATCH = YES;
				CODE_SIGN_IDENTITY = "iPhone Developer";
				COPY_PHASE_STRIP = NO;
				DEBUG_INFORMATION_FORMAT = "dwarf-with-dsym";
				ENABLE_NS_ASSERTIONS = NO;
				ENABLE_STRICT_OBJC_MSGSEND = YES;
				GCC_C_LANGUAGE_STANDARD = gnu11;
				GCC_NO_COMMON_BLOCKS = YES;
				GCC_WARN_64_TO_32_BIT_CONVERSION = YES;
				GCC_WARN_ABOUT_RETURN_TYPE = YES_ERROR;
				GCC_WARN_UNDECLARED_SELECTOR = YES;
				GCC_WARN_UNINITIALIZED_AUTOS = YES_AGGRESSIVE;
				GCC_WARN_UNUSED_FUNCTION = YES;
				GCC_WARN_UNUSED_VARIABLE = YES;
				IPHONEOS_DEPLOYMENT_TARGET = 11.0;
				MTL_ENABLE_DEBUG_INFO = NO;
				SDKROOT = iphoneos;
				SWIFT_OPTIMIZATION_LEVEL = "-Owholemodule";
				VALIDATE_PRODUCT = YES;
			};
			name = Release;
		};
		BFDC6B651F3069BD0027507B /* Debug */ = {
			isa = XCBuildConfiguration;
			baseConfigurationReference = 52BAA624F20E1ECE8B0DCE6A /* Pods-Smack.debug.xcconfig */;
			buildSettings = {
				ASSETCATALOG_COMPILER_APPICON_NAME = AppIcon;
				CLANG_ENABLE_MODULES = YES;
				DEVELOPMENT_TEAM = H3A77962QT;
				INFOPLIST_FILE = Smack/Info.plist;
				LD_RUNPATH_SEARCH_PATHS = "$(inherited) @executable_path/Frameworks";
				PRODUCT_BUNDLE_IDENTIFIER = com.jasonleocata.Smack;
				PRODUCT_NAME = "$(TARGET_NAME)";
				SWIFT_OBJC_BRIDGING_HEADER = "Smack/Resources/Smack-Bridging-Header.h";
				SWIFT_OPTIMIZATION_LEVEL = "-Onone";
				SWIFT_VERSION = 4.0;
				TARGETED_DEVICE_FAMILY = "1,2";
			};
			name = Debug;
		};
		BFDC6B661F3069BD0027507B /* Release */ = {
			isa = XCBuildConfiguration;
			baseConfigurationReference = E54A041C75B52F867267C4F7 /* Pods-Smack.release.xcconfig */;
			buildSettings = {
				ASSETCATALOG_COMPILER_APPICON_NAME = AppIcon;
				CLANG_ENABLE_MODULES = YES;
				DEVELOPMENT_TEAM = H3A77962QT;
				INFOPLIST_FILE = Smack/Info.plist;
				LD_RUNPATH_SEARCH_PATHS = "$(inherited) @executable_path/Frameworks";
				PRODUCT_BUNDLE_IDENTIFIER = com.jasonleocata.Smack;
				PRODUCT_NAME = "$(TARGET_NAME)";
				SWIFT_OBJC_BRIDGING_HEADER = "Smack/Resources/Smack-Bridging-Header.h";
				SWIFT_VERSION = 4.0;
				TARGETED_DEVICE_FAMILY = "1,2";
			};
			name = Release;
		};
/* End XCBuildConfiguration section */

/* Begin XCConfigurationList section */
		BFDC6B4D1F3069BD0027507B /* Build configuration list for PBXProject "Smack" */ = {
			isa = XCConfigurationList;
			buildConfigurations = (
				BFDC6B621F3069BD0027507B /* Debug */,
				BFDC6B631F3069BD0027507B /* Release */,
			);
			defaultConfigurationIsVisible = 0;
			defaultConfigurationName = Release;
		};
		BFDC6B641F3069BD0027507B /* Build configuration list for PBXNativeTarget "Smack" */ = {
			isa = XCConfigurationList;
			buildConfigurations = (
				BFDC6B651F3069BD0027507B /* Debug */,
				BFDC6B661F3069BD0027507B /* Release */,
			);
			defaultConfigurationIsVisible = 0;
			defaultConfigurationName = Release;
		};
/* End XCConfigurationList section */
	};
	rootObject = BFDC6B4A1F3069BD0027507B /* Project object */;
}
